
Microsoft Visual Studio Solution File, Format Version 12.00
# Visual Studio Version 16
VisualStudioVersion = 16.0.30204.135
MinimumVisualStudioVersion = 10.0.40219.1
Project("{9A19103F-16F7-4668-BE54-9A1E7A4F7556}") = "Tweetbook", "Tweetbook\Tweetbook.csproj", "{9C4C7F15-AE36-4947-8C90-53267D27F091}"
EndProject
Project("{FAE04EC0-301F-11D3-BF4B-00C04F79EFBC}") = "UnitTest1", "UnitTest1\UnitTest1.csproj", "{E8FE8835-A7A6-4FF9-AB58-E12CB5E34A24}"
EndProject
Global
	GlobalSection(SolutionConfigurationPlatforms) = preSolution
		Debug|Any CPU = Debug|Any CPU
		Release|Any CPU = Release|Any CPU
	EndGlobalSection
	GlobalSection(ProjectConfigurationPlatforms) = postSolution
		{9C4C7F15-AE36-4947-8C90-53267D27F091}.Debug|Any CPU.ActiveCfg = Debug|Any CPU
		{9C4C7F15-AE36-4947-8C90-53267D27F091}.Debug|Any CPU.Build.0 = Debug|Any CPU
		{9C4C7F15-AE36-4947-8C90-53267D27F091}.Release|Any CPU.ActiveCfg = Release|Any CPU
		{9C4C7F15-AE36-4947-8C90-53267D27F091}.Release|Any CPU.Build.0 = Release|Any CPU
		{E8FE8835-A7A6-4FF9-AB58-E12CB5E34A24}.Debug|Any CPU.ActiveCfg = Debug|Any CPU
		{E8FE8835-A7A6-4FF9-AB58-E12CB5E34A24}.Debug|Any CPU.Build.0 = Debug|Any CPU
		{E8FE8835-A7A6-4FF9-AB58-E12CB5E34A24}.Release|Any CPU.ActiveCfg = Release|Any CPU
		{E8FE8835-A7A6-4FF9-AB58-E12CB5E34A24}.Release|Any CPU.Build.0 = Release|Any CPU
	EndGlobalSection
	GlobalSection(SolutionProperties) = preSolution
		HideSolutionNode = FALSE
	EndGlobalSection
	GlobalSection(ExtensibilityGlobals) = postSolution
		SolutionGuid = {96C15847-5BDE-4AFB-BC97-D4E3874507B2}
	EndGlobalSection
EndGlobal
